{
  "name": "node-red-contrib-state-machine",
  "version": "1.2.0",
  "lockfileVersion": 1,
  "requires": true,
  "dependencies": {
    "javascript-state-machine": {
      "version": "3.0.1",
      "resolved": "https://registry.npmjs.org/javascript-state-machine/-/javascript-state-machine-3.0.1.tgz",
      "integrity": "sha1-MnMgM2ogNk4mtR2RZiwU8U1B6lI="
    }
  }
}
